
Microsoft Visual Studio Solution File, Format Version 12.00
# Visual Studio 15
VisualStudioVersion = 15.0.28307.539
MinimumVisualStudioVersion = 10.0.40219.1
Project("{FAE04EC0-301F-11D3-BF4B-00C04F79EFBC}") = "bls", "bls.csproj", "{E9D06B1B-EA22-4EF4-BA4B-422F7625966D}"
EndProject
Global
	GlobalSection(SolutionConfigurationPlatforms) = preSolution
		Debug|x64 = Debug|x64
		Release|x64 = Release|x64
	EndGlobalSection
	GlobalSection(ProjectConfigurationPlatforms) = postSolution
		{E9D06B1B-EA22-4EF4-BA4B-422F7625966D}.Debug|x64.ActiveCfg = Debug|x64
		{E9D06B1B-EA22-4EF4-BA4B-422F7625966D}.Debug|x64.Build.0 = Debug|x64
		{E9D06B1B-EA22-4EF4-BA4B-422F7625966D}.Release|x64.ActiveCfg = Release|x64
		{E9D06B1B-EA22-4EF4-BA4B-422F7625966D}.Release|x64.Build.0 = Release|x64
	EndGlobalSection
	GlobalSection(SolutionProperties) = preSolution
		HideSolutionNode = FALSE
	EndGlobalSection
	GlobalSection(ExtensibilityGlobals) = postSolution
		SolutionGuid = {1935C301-6478-4F82-9587-6A66B531E327}
	EndGlobalSection
EndGlobal
