<?xml version="1.0" encoding="utf-8"?>
<Project ToolsVersion="4.0" xmlns="http://schemas.microsoft.com/developer/msbuild/2003">
  <ItemGroup>
    <Filter Include="Header Files">
      <UniqueIdentifier>{93995380-89BD-4b04-88EB-625FBE52EBFB}</UniqueIdentifier>
      <Extensions>h;hh;hpp;hxx;hm;inl;inc;xsd</Extensions>
    </Filter>
    <Filter Include="Resource Files">
      <UniqueIdentifier>{67DA6AB6-F800-4c08-8B7A-83BB121AAD01}</UniqueIdentifier>
      <Extensions>rc;ico;cur;bmp;dlg;rc2;rct;bin;rgs;gif;jpg;jpeg;jpe;resx;tiff;tif;png;wav;mfcribbon-ms</Extensions>
    </Filter>
    <Filter Include="src">
      <UniqueIdentifier>{4FC737F1-C7A5-4376-A066-2A32D752A2FF}</UniqueIdentifier>
      <Extensions>cpp;c;cc;cxx;def;odl;idl;hpj;bat;asm;asmx</Extensions>
    </Filter>
    <Filter Include="src\wallet">
      <UniqueIdentifier>{a302b6c0-17e7-4c52-8c98-0b4b75025169}</UniqueIdentifier>
    </Filter>
    <Filter Include="src\wallet\test">
      <UniqueIdentifier>{f6a25528-a1e9-49ee-97cf-99fd9657e5ec}</UniqueIdentifier>
    </Filter>
    <Filter Include="src\test">
      <UniqueIdentifier>{d7f2ebdc-93ad-4bc4-a669-1c462494d0ca}</UniqueIdentifier>
    </Filter>
  </ItemGroup>
  <ItemGroup>
    <None Include="packages.config" />
    <None Include="..\src\test\bctest.py">
      <Filter>src\test</Filter>
    </None>
    <None Include="..\src\test\bitcoin-util-test.py">
      <Filter>src\test</Filter>
    </None>
    <None Include="..\src\test\Makefile">
      <Filter>src\test</Filter>
    </None>
    <None Include="..\src\test\README.md">
      <Filter>src\test</Filter>
    </None>
  </ItemGroup>
  <ItemGroup>
    <ClCompile Include="..\src\test\addrman_tests.cpp">
      <Filter>src\test</Filter>
    </ClCompile>
    <ClCompile Include="..\src\test\allocator_tests.cpp">
      <Filter>src\test</Filter>
    </ClCompile>
    <ClCompile Include="..\src\test\amount_tests.cpp">
      <Filter>src\test</Filter>
    </ClCompile>
    <ClCompile Include="..\src\test\arith_uint256_tests.cpp">
      <Filter>src\test</Filter>
    </ClCompile>
    <ClCompile Include="..\src\test\base32_tests.cpp">
      <Filter>src\test</Filter>
    </ClCompile>
    <ClCompile Include="..\src\test\base58_tests.cpp">
      <Filter>src\test</Filter>
    </ClCompile>
    <ClCompile Include="..\src\test\base64_tests.cpp">
      <Filter>src\test</Filter>
    </ClCompile>
    <ClCompile Include="..\src\test\bip32_tests.cpp">
      <Filter>src\test</Filter>
    </ClCompile>
    <ClCompile Include="..\src\test\blockencodings_tests.cpp">
      <Filter>src\test</Filter>
    </ClCompile>
    <ClCompile Include="..\src\test\bloom_tests.cpp">
      <Filter>src\test</Filter>
    </ClCompile>
    <ClCompile Include="..\src\test\bswap_tests.cpp">
      <Filter>src\test</Filter>
    </ClCompile>
    <ClCompile Include="..\src\test\coins_tests.cpp">
      <Filter>src\test</Filter>
    </ClCompile>
    <ClCompile Include="..\src\test\compress_tests.cpp">
      <Filter>src\test</Filter>
    </ClCompile>
    <ClCompile Include="..\src\test\crypto_tests.cpp">
      <Filter>src\test</Filter>
    </ClCompile>
    <ClCompile Include="..\src\test\cuckoocache_tests.cpp">
      <Filter>src\test</Filter>
    </ClCompile>
    <ClCompile Include="..\src\test\dbwrapper_tests.cpp">
      <Filter>src\test</Filter>
    </ClCompile>
    <ClCompile Include="..\src\test\DoS_tests.cpp">
      <Filter>src\test</Filter>
    </ClCompile>
    <ClCompile Include="..\src\test\getarg_tests.cpp">
      <Filter>src\test</Filter>
    </ClCompile>
    <ClCompile Include="..\src\test\hash_tests.cpp">
      <Filter>src\test</Filter>
    </ClCompile>
    <ClCompile Include="..\src\test\key_tests.cpp">
      <Filter>src\test</Filter>
    </ClCompile>
    <ClCompile Include="..\src\test\limitedmap_tests.cpp">
      <Filter>src\test</Filter>
    </ClCompile>
    <ClCompile Include="..\src\test\main_tests.cpp">
      <Filter>src\test</Filter>
    </ClCompile>
    <ClCompile Include="..\src\test\mempool_tests.cpp">
      <Filter>src\test</Filter>
    </ClCompile>
    <ClCompile Include="..\src\test\merkle_tests.cpp">
      <Filter>src\test</Filter>
    </ClCompile>
    <ClCompile Include="..\src\test\miner_tests.cpp">
      <Filter>src\test</Filter>
    </ClCompile>
    <ClCompile Include="..\src\test\multisig_tests.cpp">
      <Filter>src\test</Filter>
    </ClCompile>
    <ClCompile Include="..\src\test\net_tests.cpp">
      <Filter>src\test</Filter>
    </ClCompile>
    <ClCompile Include="..\src\test\netbase_tests.cpp">
      <Filter>src\test</Filter>
    </ClCompile>
    <ClCompile Include="..\src\test\pmt_tests.cpp">
      <Filter>src\test</Filter>
    </ClCompile>
    <ClCompile Include="..\src\test\policyestimator_tests.cpp">
      <Filter>src\test</Filter>
    </ClCompile>
    <ClCompile Include="..\src\test\pow_tests.cpp">
      <Filter>src\test</Filter>
    </ClCompile>
    <ClCompile Include="..\src\test\prevector_tests.cpp">
      <Filter>src\test</Filter>
    </ClCompile>
    <ClCompile Include="..\src\test\raii_event_tests.cpp">
      <Filter>src\test</Filter>
    </ClCompile>
    <ClCompile Include="..\src\test\reverselock_tests.cpp">
      <Filter>src\test</Filter>
    </ClCompile>
    <ClCompile Include="..\src\test\rpc_tests.cpp">
      <Filter>src\test</Filter>
    </ClCompile>
    <ClCompile Include="..\src\test\sanity_tests.cpp">
      <Filter>src\test</Filter>
    </ClCompile>
    <ClCompile Include="..\src\test\scheduler_tests.cpp">
      <Filter>src\test</Filter>
    </ClCompile>
    <ClCompile Include="..\src\test\script_P2SH_tests.cpp">
      <Filter>src\test</Filter>
    </ClCompile>
    <ClCompile Include="..\src\test\script_tests.cpp">
      <Filter>src\test</Filter>
    </ClCompile>
    <ClCompile Include="..\src\test\scriptnum_tests.cpp">
      <Filter>src\test</Filter>
    </ClCompile>
    <ClCompile Include="..\src\test\serialize_tests.cpp">
      <Filter>src\test</Filter>
    </ClCompile>
    <ClCompile Include="..\src\test\sighash_tests.cpp">
      <Filter>src\test</Filter>
    </ClCompile>
    <ClCompile Include="..\src\test\sigopcount_tests.cpp">
      <Filter>src\test</Filter>
    </ClCompile>
    <ClCompile Include="..\src\test\skiplist_tests.cpp">
      <Filter>src\test</Filter>
    </ClCompile>
    <ClCompile Include="..\src\test\streams_tests.cpp">
      <Filter>src\test</Filter>
    </ClCompile>
    <ClCompile Include="..\src\test\test_bitcoin.cpp">
      <Filter>src\test</Filter>
    </ClCompile>
    <ClCompile Include="..\src\test\test_bitcoin_fuzzy.cpp">
      <Filter>src\test</Filter>
    </ClCompile>
    <ClCompile Include="..\src\test\testutil.cpp">
      <Filter>src\test</Filter>
    </ClCompile>
    <ClCompile Include="..\src\test\timedata_tests.cpp">
      <Filter>src\test</Filter>
    </ClCompile>
    <ClCompile Include="..\src\test\transaction_tests.cpp">
      <Filter>src\test</Filter>
    </ClCompile>
    <ClCompile Include="..\src\test\txvalidationcache_tests.cpp">
      <Filter>src\test</Filter>
    </ClCompile>
    <ClCompile Include="..\src\test\uint256_tests.cpp">
      <Filter>src\test</Filter>
    </ClCompile>
    <ClCompile Include="..\src\test\univalue_tests.cpp">
      <Filter>src\test</Filter>
    </ClCompile>
    <ClCompile Include="..\src\test\util_tests.cpp">
      <Filter>src\test</Filter>
    </ClCompile>
    <ClCompile Include="..\src\test\versionbits_tests.cpp">
      <Filter>src\test</Filter>
    </ClCompile>
    <ClCompile Include="..\src\wallet\test\accounting_tests.cpp">
      <Filter>src\wallet\test</Filter>
    </ClCompile>
    <ClCompile Include="..\src\wallet\test\crypto_tests.cpp">
      <Filter>src\wallet\test</Filter>
    </ClCompile>
    <ClCompile Include="..\src\wallet\test\wallet_test_fixture.cpp">
      <Filter>src\wallet\test</Filter>
    </ClCompile>
    <ClCompile Include="..\src\wallet\test\wallet_tests.cpp">
      <Filter>src\wallet\test</Filter>
    </ClCompile>
  </ItemGroup>
  <ItemGroup>
    <ClInclude Include="..\src\test\scriptnum10.h">
      <Filter>src\test</Filter>
    </ClInclude>
    <ClInclude Include="..\src\test\test_bitcoin.h">
      <Filter>src\test</Filter>
    </ClInclude>
    <ClInclude Include="..\src\test\test_random.h">
      <Filter>src\test</Filter>
    </ClInclude>
    <ClInclude Include="..\src\test\testutil.h">
      <Filter>src\test</Filter>
    </ClInclude>
    <ClInclude Include="..\src\wallet\test\wallet_test_fixture.h">
      <Filter>src\wallet\test</Filter>
    </ClInclude>
  </ItemGroup>
</Project>