
Microsoft Visual Studio Solution File, Format Version 12.00
# Visual Studio 14
VisualStudioVersion = 14.0.25420.1
MinimumVisualStudioVersion = 10.0.40219.1
Project("{8BC9CEB8-8B4A-11D0-8D11-00A0C91BC942}") = "_bitcoin_common", "_bitcoin_common.vcxproj", "{8EFFD767-7623-4556-9A30-36533462915E}"
EndProject
Project("{8BC9CEB8-8B4A-11D0-8D11-00A0C91BC942}") = "bitcoind", "bitcoind\bitcoind.vcxproj", "{E617E2C8-8609-4A46-9965-64646EA16CC7}"
EndProject
Project("{8BC9CEB8-8B4A-11D0-8D11-00A0C91BC942}") = "bitcoin-cli", "bitcoin-cli\bitcoin-cli.vcxproj", "{AF3C1940-35AA-4C88-B607-94CDEA229ADA}"
EndProject
Project("{8BC9CEB8-8B4A-11D0-8D11-00A0C91BC942}") = "bitcoin-tx", "bitcoin-tx\bitcoin-tx.vcxproj", "{15C82F04-E3DB-4393-9AED-31E8FAEF7D7A}"
EndProject
Project("{8BC9CEB8-8B4A-11D0-8D11-00A0C91BC942}") = "db_static", "db-4.8.30\build_windows\db_static.vcxproj", "{671539AA-D9A6-4B7B-8044-61B511D6F432}"
EndProject
Project("{8BC9CEB8-8B4A-11D0-8D11-00A0C91BC942}") = "sample", "sample\sample.vcxproj", "{6AD42D39-92E6-4116-89D2-EE2BAA8ABB03}"
EndProject
Project("{8BC9CEB8-8B4A-11D0-8D11-00A0C91BC942}") = "test_bitcoin", "test_bitcoin\test_bitcoin.vcxproj", "{D943771F-36F4-453F-8A57-3FB8340F9FAD}"
EndProject
Global
	GlobalSection(SolutionConfigurationPlatforms) = preSolution
		Debug|x64 = Debug|x64
		Debug|x86 = Debug|x86
		Release|x64 = Release|x64
		Release|x86 = Release|x86
	EndGlobalSection
	GlobalSection(ProjectConfigurationPlatforms) = postSolution
		{8EFFD767-7623-4556-9A30-36533462915E}.Debug|x64.ActiveCfg = Debug|x64
		{8EFFD767-7623-4556-9A30-36533462915E}.Debug|x64.Build.0 = Debug|x64
		{8EFFD767-7623-4556-9A30-36533462915E}.Debug|x86.ActiveCfg = Debug|Win32
		{8EFFD767-7623-4556-9A30-36533462915E}.Debug|x86.Build.0 = Debug|Win32
		{8EFFD767-7623-4556-9A30-36533462915E}.Release|x64.ActiveCfg = Release|x64
		{8EFFD767-7623-4556-9A30-36533462915E}.Release|x64.Build.0 = Release|x64
		{8EFFD767-7623-4556-9A30-36533462915E}.Release|x86.ActiveCfg = Release|Win32
		{8EFFD767-7623-4556-9A30-36533462915E}.Release|x86.Build.0 = Release|Win32
		{E617E2C8-8609-4A46-9965-64646EA16CC7}.Debug|x64.ActiveCfg = Debug|x64
		{E617E2C8-8609-4A46-9965-64646EA16CC7}.Debug|x64.Build.0 = Debug|x64
		{E617E2C8-8609-4A46-9965-64646EA16CC7}.Debug|x86.ActiveCfg = Debug|Win32
		{E617E2C8-8609-4A46-9965-64646EA16CC7}.Debug|x86.Build.0 = Debug|Win32
		{E617E2C8-8609-4A46-9965-64646EA16CC7}.Release|x64.ActiveCfg = Release|x64
		{E617E2C8-8609-4A46-9965-64646EA16CC7}.Release|x64.Build.0 = Release|x64
		{E617E2C8-8609-4A46-9965-64646EA16CC7}.Release|x86.ActiveCfg = Release|Win32
		{E617E2C8-8609-4A46-9965-64646EA16CC7}.Release|x86.Build.0 = Release|Win32
		{AF3C1940-35AA-4C88-B607-94CDEA229ADA}.Debug|x64.ActiveCfg = Debug|x64
		{AF3C1940-35AA-4C88-B607-94CDEA229ADA}.Debug|x64.Build.0 = Debug|x64
		{AF3C1940-35AA-4C88-B607-94CDEA229ADA}.Debug|x86.ActiveCfg = Debug|Win32
		{AF3C1940-35AA-4C88-B607-94CDEA229ADA}.Debug|x86.Build.0 = Debug|Win32
		{AF3C1940-35AA-4C88-B607-94CDEA229ADA}.Release|x64.ActiveCfg = Release|x64
		{AF3C1940-35AA-4C88-B607-94CDEA229ADA}.Release|x64.Build.0 = Release|x64
		{AF3C1940-35AA-4C88-B607-94CDEA229ADA}.Release|x86.ActiveCfg = Release|Win32
		{AF3C1940-35AA-4C88-B607-94CDEA229ADA}.Release|x86.Build.0 = Release|Win32
		{15C82F04-E3DB-4393-9AED-31E8FAEF7D7A}.Debug|x64.ActiveCfg = Debug|x64
		{15C82F04-E3DB-4393-9AED-31E8FAEF7D7A}.Debug|x64.Build.0 = Debug|x64
		{15C82F04-E3DB-4393-9AED-31E8FAEF7D7A}.Debug|x86.ActiveCfg = Debug|Win32
		{15C82F04-E3DB-4393-9AED-31E8FAEF7D7A}.Debug|x86.Build.0 = Debug|Win32
		{15C82F04-E3DB-4393-9AED-31E8FAEF7D7A}.Release|x64.ActiveCfg = Release|x64
		{15C82F04-E3DB-4393-9AED-31E8FAEF7D7A}.Release|x64.Build.0 = Release|x64
		{15C82F04-E3DB-4393-9AED-31E8FAEF7D7A}.Release|x86.ActiveCfg = Release|Win32
		{15C82F04-E3DB-4393-9AED-31E8FAEF7D7A}.Release|x86.Build.0 = Release|Win32
		{671539AA-D9A6-4B7B-8044-61B511D6F432}.Debug|x64.ActiveCfg = Debug|x64
		{671539AA-D9A6-4B7B-8044-61B511D6F432}.Debug|x64.Build.0 = Debug|x64
		{671539AA-D9A6-4B7B-8044-61B511D6F432}.Debug|x86.ActiveCfg = Debug|Win32
		{671539AA-D9A6-4B7B-8044-61B511D6F432}.Debug|x86.Build.0 = Debug|Win32
		{671539AA-D9A6-4B7B-8044-61B511D6F432}.Release|x64.ActiveCfg = Release|x64
		{671539AA-D9A6-4B7B-8044-61B511D6F432}.Release|x64.Build.0 = Release|x64
		{671539AA-D9A6-4B7B-8044-61B511D6F432}.Release|x86.ActiveCfg = Release|Win32
		{671539AA-D9A6-4B7B-8044-61B511D6F432}.Release|x86.Build.0 = Release|Win32
		{6AD42D39-92E6-4116-89D2-EE2BAA8ABB03}.Debug|x64.ActiveCfg = Debug|x64
		{6AD42D39-92E6-4116-89D2-EE2BAA8ABB03}.Debug|x64.Build.0 = Debug|x64
		{6AD42D39-92E6-4116-89D2-EE2BAA8ABB03}.Debug|x86.ActiveCfg = Debug|Win32
		{6AD42D39-92E6-4116-89D2-EE2BAA8ABB03}.Debug|x86.Build.0 = Debug|Win32
		{6AD42D39-92E6-4116-89D2-EE2BAA8ABB03}.Release|x64.ActiveCfg = Release|x64
		{6AD42D39-92E6-4116-89D2-EE2BAA8ABB03}.Release|x64.Build.0 = Release|x64
		{6AD42D39-92E6-4116-89D2-EE2BAA8ABB03}.Release|x86.ActiveCfg = Release|Win32
		{6AD42D39-92E6-4116-89D2-EE2BAA8ABB03}.Release|x86.Build.0 = Release|Win32
		{D943771F-36F4-453F-8A57-3FB8340F9FAD}.Debug|x64.ActiveCfg = Debug|x64
		{D943771F-36F4-453F-8A57-3FB8340F9FAD}.Debug|x64.Build.0 = Debug|x64
		{D943771F-36F4-453F-8A57-3FB8340F9FAD}.Debug|x86.ActiveCfg = Debug|Win32
		{D943771F-36F4-453F-8A57-3FB8340F9FAD}.Debug|x86.Build.0 = Debug|Win32
		{D943771F-36F4-453F-8A57-3FB8340F9FAD}.Release|x64.ActiveCfg = Release|x64
		{D943771F-36F4-453F-8A57-3FB8340F9FAD}.Release|x64.Build.0 = Release|x64
		{D943771F-36F4-453F-8A57-3FB8340F9FAD}.Release|x86.ActiveCfg = Release|Win32
		{D943771F-36F4-453F-8A57-3FB8340F9FAD}.Release|x86.Build.0 = Release|Win32
	EndGlobalSection
	GlobalSection(SolutionProperties) = preSolution
		HideSolutionNode = FALSE
	EndGlobalSection
EndGlobal
