<?xml version="1.0" encoding="utf-8"?>
<Project ToolsVersion="4.0" xmlns="http://schemas.microsoft.com/developer/msbuild/2003">
  <ItemGroup>
    <Filter Include="Source Files">
      <UniqueIdentifier>{4FC737F1-C7A5-4376-A066-2A32D752A2FF}</UniqueIdentifier>
      <Extensions>cpp;c;cc;cxx;def;odl;idl;hpj;bat;asm;asmx</Extensions>
    </Filter>
    <Filter Include="Header Files">
      <UniqueIdentifier>{93995380-89BD-4b04-88EB-625FBE52EBFB}</UniqueIdentifier>
      <Extensions>h;hh;hpp;hxx;hm;inl;inc;xsd</Extensions>
    </Filter>
    <Filter Include="Resource Files">
      <UniqueIdentifier>{67DA6AB6-F800-4c08-8B7A-83BB121AAD01}</UniqueIdentifier>
      <Extensions>rc;ico;cur;bmp;dlg;rc2;rct;bin;rgs;gif;jpg;jpeg;jpe;resx;tiff;tif;png;wav;mfcribbon-ms</Extensions>
    </Filter>
  </ItemGroup>
  <ItemGroup>
    <ClCompile Include="src\bitcoind.cpp">
      <Filter>Source Files</Filter>
    </ClCompile>
    <ClCompile Include="src\chainparams.cpp">
      <Filter>Source Files</Filter>
    </ClCompile>
    <ClCompile Include="src\init.cpp">
      <Filter>Source Files</Filter>
    </ClCompile>
    <ClCompile Include="src\chainparamsbase.cpp">
      <Filter>Source Files</Filter>
    </ClCompile>
    <ClCompile Include="src\noui.cpp">
      <Filter>Source Files</Filter>
    </ClCompile>
    <ClCompile Include="src\scheduler.cpp">
      <Filter>Source Files</Filter>
    </ClCompile>
    <ClCompile Include="src\pow.cpp">
      <Filter>Source Files</Filter>
    </ClCompile>
    <ClCompile Include="src\protocol.cpp">
      <Filter>Source Files</Filter>
    </ClCompile>
    <ClCompile Include="src\pubkey.cpp">
      <Filter>Source Files</Filter>
    </ClCompile>
    <ClCompile Include="src\random.cpp">
      <Filter>Source Files</Filter>
    </ClCompile>
    <ClCompile Include="src\rest.cpp">
      <Filter>Source Files</Filter>
    </ClCompile>
    <ClCompile Include="src\clientversion.cpp">
      <Filter>Source Files</Filter>
    </ClCompile>
    <ClCompile Include="src\coins.cpp">
      <Filter>Source Files</Filter>
    </ClCompile>
    <ClCompile Include="src\compressor.cpp">
      <Filter>Source Files</Filter>
    </ClCompile>
    <ClCompile Include="src\core_read.cpp">
      <Filter>Source Files</Filter>
    </ClCompile>
    <ClCompile Include="src\core_write.cpp">
      <Filter>Source Files</Filter>
    </ClCompile>
    <ClCompile Include="src\dbwrapper.cpp">
      <Filter>Source Files</Filter>
    </ClCompile>
    <ClCompile Include="src\hash.cpp">
      <Filter>Source Files</Filter>
    </ClCompile>
    <ClCompile Include="src\httprpc.cpp">
      <Filter>Source Files</Filter>
    </ClCompile>
    <ClCompile Include="src\httpserver.cpp">
      <Filter>Source Files</Filter>
    </ClCompile>
    <ClCompile Include="src\merkleblock.cpp">
      <Filter>Source Files</Filter>
    </ClCompile>
    <ClCompile Include="src\miner.cpp">
      <Filter>Source Files</Filter>
    </ClCompile>
    <ClCompile Include="src\net.cpp">
      <Filter>Source Files</Filter>
    </ClCompile>
    <ClCompile Include="src\net_processing.cpp">
      <Filter>Source Files</Filter>
    </ClCompile>
    <ClCompile Include="src\netaddress.cpp">
      <Filter>Source Files</Filter>
    </ClCompile>
    <ClCompile Include="src\netbase.cpp">
      <Filter>Source Files</Filter>
    </ClCompile>
    <ClCompile Include="src\sync.cpp">
      <Filter>Source Files</Filter>
    </ClCompile>
    <ClCompile Include="src\threadinterrupt.cpp">
      <Filter>Source Files</Filter>
    </ClCompile>
    <ClCompile Include="src\timedata.cpp">
      <Filter>Source Files</Filter>
    </ClCompile>
    <ClCompile Include="src\torcontrol.cpp">
      <Filter>Source Files</Filter>
    </ClCompile>
    <ClCompile Include="src\txdb.cpp">
      <Filter>Source Files</Filter>
    </ClCompile>
    <ClCompile Include="src\txmempool.cpp">
      <Filter>Source Files</Filter>
    </ClCompile>
    <ClCompile Include="src\ui_interface.cpp">
      <Filter>Source Files</Filter>
    </ClCompile>
    <ClCompile Include="src\uint256.cpp">
      <Filter>Source Files</Filter>
    </ClCompile>
    <ClCompile Include="src\util.cpp">
      <Filter>Source Files</Filter>
    </ClCompile>
    <ClCompile Include="src\utilmoneystr.cpp">
      <Filter>Source Files</Filter>
    </ClCompile>
    <ClCompile Include="src\utilstrencodings.cpp">
      <Filter>Source Files</Filter>
    </ClCompile>
    <ClCompile Include="src\utiltime.cpp">
      <Filter>Source Files</Filter>
    </ClCompile>
    <ClCompile Include="src\validation.cpp">
      <Filter>Source Files</Filter>
    </ClCompile>
    <ClCompile Include="src\validationinterface.cpp">
      <Filter>Source Files</Filter>
    </ClCompile>
    <ClCompile Include="src\versionbits.cpp">
      <Filter>Source Files</Filter>
    </ClCompile>
    <ClCompile Include="src\warnings.cpp">
      <Filter>Source Files</Filter>
    </ClCompile>
    <ClCompile Include="src\blockencodings.cpp">
      <Filter>Source Files</Filter>
    </ClCompile>
    <ClCompile Include="src\bloom.cpp">
      <Filter>Source Files</Filter>
    </ClCompile>
    <ClCompile Include="src\chain.cpp">
      <Filter>Source Files</Filter>
    </ClCompile>
    <ClCompile Include="src\checkpoints.cpp">
      <Filter>Source Files</Filter>
    </ClCompile>
    <ClCompile Include="src\primitives\block.cpp">
      <Filter>Source Files</Filter>
    </ClCompile>
    <ClCompile Include="src\primitives\transaction.cpp">
      <Filter>Source Files</Filter>
    </ClCompile>
    <ClCompile Include="src\rpc\blockchain.cpp">
      <Filter>Source Files</Filter>
    </ClCompile>
    <ClCompile Include="src\rpc\client.cpp">
      <Filter>Source Files</Filter>
    </ClCompile>
    <ClCompile Include="src\rpc\mining.cpp">
      <Filter>Source Files</Filter>
    </ClCompile>
    <ClCompile Include="src\rpc\misc.cpp">
      <Filter>Source Files</Filter>
    </ClCompile>
    <ClCompile Include="src\rpc\net.cpp">
      <Filter>Source Files</Filter>
    </ClCompile>
    <ClCompile Include="src\rpc\protocol.cpp">
      <Filter>Source Files</Filter>
    </ClCompile>
    <ClCompile Include="src\rpc\rawtransaction.cpp">
      <Filter>Source Files</Filter>
    </ClCompile>
    <ClCompile Include="src\rpc\server.cpp">
      <Filter>Source Files</Filter>
    </ClCompile>
    <ClCompile Include="src\script\bitcoinconsensus.cpp">
      <Filter>Source Files</Filter>
    </ClCompile>
    <ClCompile Include="src\script\interpreter.cpp">
      <Filter>Source Files</Filter>
    </ClCompile>
    <ClCompile Include="src\script\ismine.cpp">
      <Filter>Source Files</Filter>
    </ClCompile>
    <ClCompile Include="src\script\script.cpp">
      <Filter>Source Files</Filter>
    </ClCompile>
    <ClCompile Include="src\script\script_error.cpp">
      <Filter>Source Files</Filter>
    </ClCompile>
    <ClCompile Include="src\script\sigcache.cpp">
      <Filter>Source Files</Filter>
    </ClCompile>
    <ClCompile Include="src\script\sign.cpp">
      <Filter>Source Files</Filter>
    </ClCompile>
    <ClCompile Include="src\script\standard.cpp">
      <Filter>Source Files</Filter>
    </ClCompile>
    <ClCompile Include="src\wallet\crypter.cpp">
      <Filter>Source Files</Filter>
    </ClCompile>
    <ClCompile Include="src\wallet\db.cpp">
      <Filter>Source Files</Filter>
    </ClCompile>
    <ClCompile Include="src\wallet\rpcdump.cpp">
      <Filter>Source Files</Filter>
    </ClCompile>
    <ClCompile Include="src\wallet\rpcwallet.cpp">
      <Filter>Source Files</Filter>
    </ClCompile>
    <ClCompile Include="src\wallet\wallet.cpp">
      <Filter>Source Files</Filter>
    </ClCompile>
    <ClCompile Include="src\wallet\walletdb.cpp">
      <Filter>Source Files</Filter>
    </ClCompile>
    <ClCompile Include="src\crypto\aes.cpp">
      <Filter>Source Files</Filter>
    </ClCompile>
    <ClCompile Include="src\crypto\hmac_sha256.cpp">
      <Filter>Source Files</Filter>
    </ClCompile>
    <ClCompile Include="src\crypto\hmac_sha512.cpp">
      <Filter>Source Files</Filter>
    </ClCompile>
    <ClCompile Include="src\crypto\ripemd160.cpp">
      <Filter>Source Files</Filter>
    </ClCompile>
    <ClCompile Include="src\crypto\sha1.cpp">
      <Filter>Source Files</Filter>
    </ClCompile>
    <ClCompile Include="src\crypto\sha256.cpp">
      <Filter>Source Files</Filter>
    </ClCompile>
    <ClCompile Include="src\crypto\sha512.cpp">
      <Filter>Source Files</Filter>
    </ClCompile>
    <ClCompile Include="src\support\cleanse.cpp">
      <Filter>Source Files</Filter>
    </ClCompile>
    <ClCompile Include="src\support\lockedpool.cpp">
      <Filter>Source Files</Filter>
    </ClCompile>
    <ClCompile Include="src\addrdb.cpp">
      <Filter>Source Files</Filter>
    </ClCompile>
    <ClCompile Include="src\addrman.cpp">
      <Filter>Source Files</Filter>
    </ClCompile>
    <ClCompile Include="src\amount.cpp">
      <Filter>Source Files</Filter>
    </ClCompile>
    <ClCompile Include="src\arith_uint256.cpp">
      <Filter>Source Files</Filter>
    </ClCompile>
    <ClCompile Include="src\base58.cpp">
      <Filter>Source Files</Filter>
    </ClCompile>
    <ClCompile Include="src\univalue\lib\univalue.cpp">
      <Filter>Source Files</Filter>
    </ClCompile>
    <ClCompile Include="src\univalue\lib\univalue_read.cpp">
      <Filter>Source Files</Filter>
    </ClCompile>
    <ClCompile Include="src\univalue\lib\univalue_write.cpp">
      <Filter>Source Files</Filter>
    </ClCompile>
    <ClCompile Include="src\consensus\merkle.cpp">
      <Filter>Source Files</Filter>
    </ClCompile>
    <ClCompile Include="src\leveldb\util\arena.cc">
      <Filter>Source Files</Filter>
    </ClCompile>
    <ClCompile Include="src\leveldb\util\bloom.cc">
      <Filter>Source Files</Filter>
    </ClCompile>
    <ClCompile Include="src\leveldb\util\cache.cc">
      <Filter>Source Files</Filter>
    </ClCompile>
    <ClCompile Include="src\leveldb\util\coding.cc">
      <Filter>Source Files</Filter>
    </ClCompile>
    <ClCompile Include="src\leveldb\util\comparator.cc">
      <Filter>Source Files</Filter>
    </ClCompile>
    <ClCompile Include="src\leveldb\util\crc32c.cc">
      <Filter>Source Files</Filter>
    </ClCompile>
    <ClCompile Include="src\leveldb\util\env.cc">
      <Filter>Source Files</Filter>
    </ClCompile>
    <ClCompile Include="src\leveldb\util\env_posix.cc">
      <Filter>Source Files</Filter>
    </ClCompile>
    <ClCompile Include="src\leveldb\util\env_win.cc">
      <Filter>Source Files</Filter>
    </ClCompile>
    <ClCompile Include="src\leveldb\util\filter_policy.cc">
      <Filter>Source Files</Filter>
    </ClCompile>
    <ClCompile Include="src\leveldb\util\hash.cc">
      <Filter>Source Files</Filter>
    </ClCompile>
    <ClCompile Include="src\leveldb\util\histogram.cc">
      <Filter>Source Files</Filter>
    </ClCompile>
    <ClCompile Include="src\leveldb\util\logging.cc">
      <Filter>Source Files</Filter>
    </ClCompile>
    <ClCompile Include="src\leveldb\util\options.cc">
      <Filter>Source Files</Filter>
    </ClCompile>
    <ClCompile Include="src\leveldb\util\status.cc">
      <Filter>Source Files</Filter>
    </ClCompile>
    <ClCompile Include="src\leveldb\util\testharness.cc">
      <Filter>Source Files</Filter>
    </ClCompile>
    <ClCompile Include="src\leveldb\util\testutil.cc">
      <Filter>Source Files</Filter>
    </ClCompile>
    <ClCompile Include="src\key.cpp">
      <Filter>Source Files</Filter>
    </ClCompile>
    <ClCompile Include="src\keystore.cpp">
      <Filter>Source Files</Filter>
    </ClCompile>
    <ClCompile Include="src\leveldb\db\builder.cc">
      <Filter>Source Files</Filter>
    </ClCompile>
    <ClCompile Include="src\leveldb\db\c.cc">
      <Filter>Source Files</Filter>
    </ClCompile>
    <ClCompile Include="src\leveldb\db\db_bench.cc">
      <Filter>Source Files</Filter>
    </ClCompile>
    <ClCompile Include="src\leveldb\db\db_impl.cc">
      <Filter>Source Files</Filter>
    </ClCompile>
    <ClCompile Include="src\leveldb\db\db_iter.cc">
      <Filter>Source Files</Filter>
    </ClCompile>
    <ClCompile Include="src\leveldb\db\dbformat.cc">
      <Filter>Source Files</Filter>
    </ClCompile>
    <ClCompile Include="src\leveldb\db\dumpfile.cc">
      <Filter>Source Files</Filter>
    </ClCompile>
    <ClCompile Include="src\leveldb\db\filename.cc">
      <Filter>Source Files</Filter>
    </ClCompile>
    <ClCompile Include="src\leveldb\db\leveldbutil.cc">
      <Filter>Source Files</Filter>
    </ClCompile>
    <ClCompile Include="src\leveldb\db\log_reader.cc">
      <Filter>Source Files</Filter>
    </ClCompile>
    <ClCompile Include="src\leveldb\db\log_writer.cc">
      <Filter>Source Files</Filter>
    </ClCompile>
    <ClCompile Include="src\leveldb\db\memtable.cc">
      <Filter>Source Files</Filter>
    </ClCompile>
    <ClCompile Include="src\leveldb\db\repair.cc">
      <Filter>Source Files</Filter>
    </ClCompile>
    <ClCompile Include="src\leveldb\db\table_cache.cc">
      <Filter>Source Files</Filter>
    </ClCompile>
    <ClCompile Include="src\leveldb\db\version_edit.cc">
      <Filter>Source Files</Filter>
    </ClCompile>
    <ClCompile Include="src\leveldb\db\version_set.cc">
      <Filter>Source Files</Filter>
    </ClCompile>
    <ClCompile Include="src\leveldb\db\write_batch.cc">
      <Filter>Source Files</Filter>
    </ClCompile>
  </ItemGroup>
  <ItemGroup>
    <None Include="packages.config" />
  </ItemGroup>
  <ItemGroup>
    <ClInclude Include="src\chainparams.h">
      <Filter>Header Files</Filter>
    </ClInclude>
    <ClInclude Include="src\init.h">
      <Filter>Header Files</Filter>
    </ClInclude>
    <ClInclude Include="src\chainparamsbase.h">
      <Filter>Header Files</Filter>
    </ClInclude>
    <ClInclude Include="src\noui.h">
      <Filter>Header Files</Filter>
    </ClInclude>
    <ClInclude Include="src\scheduler.h">
      <Filter>Header Files</Filter>
    </ClInclude>
    <ClInclude Include="src\reverselock.h">
      <Filter>Header Files</Filter>
    </ClInclude>
    <ClInclude Include="src\pow.h">
      <Filter>Header Files</Filter>
    </ClInclude>
    <ClInclude Include="src\prevector.h">
      <Filter>Header Files</Filter>
    </ClInclude>
    <ClInclude Include="src\protocol.h">
      <Filter>Header Files</Filter>
    </ClInclude>
    <ClInclude Include="src\pubkey.h">
      <Filter>Header Files</Filter>
    </ClInclude>
    <ClInclude Include="src\random.h">
      <Filter>Header Files</Filter>
    </ClInclude>
    <ClInclude Include="src\clientversion.h">
      <Filter>Header Files</Filter>
    </ClInclude>
    <ClInclude Include="src\coins.h">
      <Filter>Header Files</Filter>
    </ClInclude>
    <ClInclude Include="src\compat.h">
      <Filter>Header Files</Filter>
    </ClInclude>
    <ClInclude Include="src\compressor.h">
      <Filter>Header Files</Filter>
    </ClInclude>
    <ClInclude Include="src\core_io.h">
      <Filter>Header Files</Filter>
    </ClInclude>
    <ClInclude Include="src\core_memusage.h">
      <Filter>Header Files</Filter>
    </ClInclude>
    <ClInclude Include="src\cuckoocache.h">
      <Filter>Header Files</Filter>
    </ClInclude>
    <ClInclude Include="src\dbwrapper.h">
      <Filter>Header Files</Filter>
    </ClInclude>
    <ClInclude Include="src\hash.h">
      <Filter>Header Files</Filter>
    </ClInclude>
    <ClInclude Include="src\httprpc.h">
      <Filter>Header Files</Filter>
    </ClInclude>
    <ClInclude Include="src\httpserver.h">
      <Filter>Header Files</Filter>
    </ClInclude>
    <ClInclude Include="src\indirectmap.h">
      <Filter>Header Files</Filter>
    </ClInclude>
    <ClInclude Include="src\memusage.h">
      <Filter>Header Files</Filter>
    </ClInclude>
    <ClInclude Include="src\merkleblock.h">
      <Filter>Header Files</Filter>
    </ClInclude>
    <ClInclude Include="src\miner.h">
      <Filter>Header Files</Filter>
    </ClInclude>
    <ClInclude Include="src\net.h">
      <Filter>Header Files</Filter>
    </ClInclude>
    <ClInclude Include="src\net_processing.h">
      <Filter>Header Files</Filter>
    </ClInclude>
    <ClInclude Include="src\netaddress.h">
      <Filter>Header Files</Filter>
    </ClInclude>
    <ClInclude Include="src\netbase.h">
      <Filter>Header Files</Filter>
    </ClInclude>
    <ClInclude Include="src\netmessagemaker.h">
      <Filter>Header Files</Filter>
    </ClInclude>
    <ClInclude Include="src\wintype.h">
      <Filter>Header Files</Filter>
    </ClInclude>
    <ClInclude Include="src\serialize.h">
      <Filter>Header Files</Filter>
    </ClInclude>
    <ClInclude Include="src\streams.h">
      <Filter>Header Files</Filter>
    </ClInclude>
    <ClInclude Include="src\sync.h">
      <Filter>Header Files</Filter>
    </ClInclude>
    <ClInclude Include="src\threadinterrupt.h">
      <Filter>Header Files</Filter>
    </ClInclude>
    <ClInclude Include="src\threadsafety.h">
      <Filter>Header Files</Filter>
    </ClInclude>
    <ClInclude Include="src\timedata.h">
      <Filter>Header Files</Filter>
    </ClInclude>
    <ClInclude Include="src\tinyformat.h">
      <Filter>Header Files</Filter>
    </ClInclude>
    <ClInclude Include="src\torcontrol.h">
      <Filter>Header Files</Filter>
    </ClInclude>
    <ClInclude Include="src\txdb.h">
      <Filter>Header Files</Filter>
    </ClInclude>
    <ClInclude Include="src\txmempool.h">
      <Filter>Header Files</Filter>
    </ClInclude>
    <ClInclude Include="src\ui_interface.h">
      <Filter>Header Files</Filter>
    </ClInclude>
    <ClInclude Include="src\uint256.h">
      <Filter>Header Files</Filter>
    </ClInclude>
    <ClInclude Include="src\undo.h">
      <Filter>Header Files</Filter>
    </ClInclude>
    <ClInclude Include="src\util.h">
      <Filter>Header Files</Filter>
    </ClInclude>
    <ClInclude Include="src\utilmoneystr.h">
      <Filter>Header Files</Filter>
    </ClInclude>
    <ClInclude Include="src\utilstrencodings.h">
      <Filter>Header Files</Filter>
    </ClInclude>
    <ClInclude Include="src\utiltime.h">
      <Filter>Header Files</Filter>
    </ClInclude>
    <ClInclude Include="src\validation.h">
      <Filter>Header Files</Filter>
    </ClInclude>
    <ClInclude Include="src\validationinterface.h">
      <Filter>Header Files</Filter>
    </ClInclude>
    <ClInclude Include="src\version.h">
      <Filter>Header Files</Filter>
    </ClInclude>
    <ClInclude Include="src\versionbits.h">
      <Filter>Header Files</Filter>
    </ClInclude>
    <ClInclude Include="src\warnings.h">
      <Filter>Header Files</Filter>
    </ClInclude>
    <ClInclude Include="src\blockencodings.h">
      <Filter>Header Files</Filter>
    </ClInclude>
    <ClInclude Include="src\bloom.h">
      <Filter>Header Files</Filter>
    </ClInclude>
    <ClInclude Include="src\chain.h">
      <Filter>Header Files</Filter>
    </ClInclude>
    <ClInclude Include="src\chainparamsseeds.h">
      <Filter>Header Files</Filter>
    </ClInclude>
    <ClInclude Include="src\checkpoints.h">
      <Filter>Header Files</Filter>
    </ClInclude>
    <ClInclude Include="src\checkqueue.h">
      <Filter>Header Files</Filter>
    </ClInclude>
    <ClInclude Include="src\primitives\block.h">
      <Filter>Header Files</Filter>
    </ClInclude>
    <ClInclude Include="src\primitives\transaction.h">
      <Filter>Header Files</Filter>
    </ClInclude>
    <ClInclude Include="src\rpc\client.h">
      <Filter>Header Files</Filter>
    </ClInclude>
    <ClInclude Include="src\rpc\protocol.h">
      <Filter>Header Files</Filter>
    </ClInclude>
    <ClInclude Include="src\rpc\register.h">
      <Filter>Header Files</Filter>
    </ClInclude>
    <ClInclude Include="src\rpc\server.h">
      <Filter>Header Files</Filter>
    </ClInclude>
    <ClInclude Include="src\script\bitcoinconsensus.h">
      <Filter>Header Files</Filter>
    </ClInclude>
    <ClInclude Include="src\script\interpreter.h">
      <Filter>Header Files</Filter>
    </ClInclude>
    <ClInclude Include="src\script\ismine.h">
      <Filter>Header Files</Filter>
    </ClInclude>
    <ClInclude Include="src\script\script.h">
      <Filter>Header Files</Filter>
    </ClInclude>
    <ClInclude Include="src\script\script_error.h">
      <Filter>Header Files</Filter>
    </ClInclude>
    <ClInclude Include="src\script\sigcache.h">
      <Filter>Header Files</Filter>
    </ClInclude>
    <ClInclude Include="src\script\sign.h">
      <Filter>Header Files</Filter>
    </ClInclude>
    <ClInclude Include="src\script\standard.h">
      <Filter>Header Files</Filter>
    </ClInclude>
    <ClInclude Include="src\wallet\coincontrol.h">
      <Filter>Header Files</Filter>
    </ClInclude>
    <ClInclude Include="src\wallet\crypter.h">
      <Filter>Header Files</Filter>
    </ClInclude>
    <ClInclude Include="src\wallet\db.h">
      <Filter>Header Files</Filter>
    </ClInclude>
    <ClInclude Include="src\wallet\rpcwallet.h">
      <Filter>Header Files</Filter>
    </ClInclude>
    <ClInclude Include="src\wallet\wallet.h">
      <Filter>Header Files</Filter>
    </ClInclude>
    <ClInclude Include="src\wallet\walletdb.h">
      <Filter>Header Files</Filter>
    </ClInclude>
    <ClInclude Include="src\crypto\aes.h">
      <Filter>Header Files</Filter>
    </ClInclude>
    <ClInclude Include="src\crypto\common.h">
      <Filter>Header Files</Filter>
    </ClInclude>
    <ClInclude Include="src\crypto\hmac_sha256.h">
      <Filter>Header Files</Filter>
    </ClInclude>
    <ClInclude Include="src\crypto\hmac_sha512.h">
      <Filter>Header Files</Filter>
    </ClInclude>
    <ClInclude Include="src\crypto\ripemd160.h">
      <Filter>Header Files</Filter>
    </ClInclude>
    <ClInclude Include="src\crypto\sha1.h">
      <Filter>Header Files</Filter>
    </ClInclude>
    <ClInclude Include="src\crypto\sha256.h">
      <Filter>Header Files</Filter>
    </ClInclude>
    <ClInclude Include="src\crypto\sha512.h">
      <Filter>Header Files</Filter>
    </ClInclude>
    <ClInclude Include="src\support\cleanse.h">
      <Filter>Header Files</Filter>
    </ClInclude>
    <ClInclude Include="src\support\events.h">
      <Filter>Header Files</Filter>
    </ClInclude>
    <ClInclude Include="src\support\lockedpool.h">
      <Filter>Header Files</Filter>
    </ClInclude>
    <ClInclude Include="src\support\allocators\secure.h">
      <Filter>Header Files</Filter>
    </ClInclude>
    <ClInclude Include="src\support\allocators\zeroafterfree.h">
      <Filter>Header Files</Filter>
    </ClInclude>
    <ClInclude Include="src\addrdb.h">
      <Filter>Header Files</Filter>
    </ClInclude>
    <ClInclude Include="src\addrman.h">
      <Filter>Header Files</Filter>
    </ClInclude>
    <ClInclude Include="src\amount.h">
      <Filter>Header Files</Filter>
    </ClInclude>
    <ClInclude Include="src\arith_uint256.h">
      <Filter>Header Files</Filter>
    </ClInclude>
    <ClInclude Include="src\base58.h">
      <Filter>Header Files</Filter>
    </ClInclude>
    <ClInclude Include="src\univalue\univalue-config.h">
      <Filter>Header Files</Filter>
    </ClInclude>
    <ClInclude Include="src\univalue\include\univalue.h">
      <Filter>Header Files</Filter>
    </ClInclude>
    <ClInclude Include="src\univalue\lib\univalue_escapes.h">
      <Filter>Header Files</Filter>
    </ClInclude>
    <ClInclude Include="src\univalue\lib\univalue_utffilter.h">
      <Filter>Header Files</Filter>
    </ClInclude>
    <ClInclude Include="src\leveldb\include\leveldb\c.h">
      <Filter>Header Files</Filter>
    </ClInclude>
    <ClInclude Include="src\leveldb\include\leveldb\cache.h">
      <Filter>Header Files</Filter>
    </ClInclude>
    <ClInclude Include="src\leveldb\include\leveldb\comparator.h">
      <Filter>Header Files</Filter>
    </ClInclude>
    <ClInclude Include="src\leveldb\include\leveldb\db.h">
      <Filter>Header Files</Filter>
    </ClInclude>
    <ClInclude Include="src\leveldb\include\leveldb\dumpfile.h">
      <Filter>Header Files</Filter>
    </ClInclude>
    <ClInclude Include="src\leveldb\include\leveldb\env.h">
      <Filter>Header Files</Filter>
    </ClInclude>
    <ClInclude Include="src\leveldb\include\leveldb\filter_policy.h">
      <Filter>Header Files</Filter>
    </ClInclude>
    <ClInclude Include="src\leveldb\include\leveldb\iterator.h">
      <Filter>Header Files</Filter>
    </ClInclude>
    <ClInclude Include="src\leveldb\include\leveldb\options.h">
      <Filter>Header Files</Filter>
    </ClInclude>
    <ClInclude Include="src\leveldb\include\leveldb\slice.h">
      <Filter>Header Files</Filter>
    </ClInclude>
    <ClInclude Include="src\leveldb\include\leveldb\status.h">
      <Filter>Header Files</Filter>
    </ClInclude>
    <ClInclude Include="src\leveldb\include\leveldb\table.h">
      <Filter>Header Files</Filter>
    </ClInclude>
    <ClInclude Include="src\leveldb\include\leveldb\table_builder.h">
      <Filter>Header Files</Filter>
    </ClInclude>
    <ClInclude Include="src\leveldb\include\leveldb\write_batch.h">
      <Filter>Header Files</Filter>
    </ClInclude>
    <ClInclude Include="src\consensus\validation.h">
      <Filter>Header Files</Filter>
    </ClInclude>
    <ClInclude Include="src\consensus\consensus.h">
      <Filter>Header Files</Filter>
    </ClInclude>
    <ClInclude Include="src\consensus\merkle.h">
      <Filter>Header Files</Filter>
    </ClInclude>
    <ClInclude Include="src\consensus\params.h">
      <Filter>Header Files</Filter>
    </ClInclude>
    <ClInclude Include="src\leveldb\util\arena.h">
      <Filter>Header Files</Filter>
    </ClInclude>
    <ClInclude Include="src\leveldb\util\coding.h">
      <Filter>Header Files</Filter>
    </ClInclude>
    <ClInclude Include="src\leveldb\util\crc32c.h">
      <Filter>Header Files</Filter>
    </ClInclude>
    <ClInclude Include="src\leveldb\util\hash.h">
      <Filter>Header Files</Filter>
    </ClInclude>
    <ClInclude Include="src\leveldb\util\histogram.h">
      <Filter>Header Files</Filter>
    </ClInclude>
    <ClInclude Include="src\leveldb\util\logging.h">
      <Filter>Header Files</Filter>
    </ClInclude>
    <ClInclude Include="src\leveldb\util\mutexlock.h">
      <Filter>Header Files</Filter>
    </ClInclude>
    <ClInclude Include="src\leveldb\util\posix_logger.h">
      <Filter>Header Files</Filter>
    </ClInclude>
    <ClInclude Include="src\leveldb\util\random.h">
      <Filter>Header Files</Filter>
    </ClInclude>
    <ClInclude Include="src\leveldb\util\testharness.h">
      <Filter>Header Files</Filter>
    </ClInclude>
    <ClInclude Include="src\leveldb\util\testutil.h">
      <Filter>Header Files</Filter>
    </ClInclude>
    <ClInclude Include="src\key.h">
      <Filter>Header Files</Filter>
    </ClInclude>
    <ClInclude Include="src\keystore.h">
      <Filter>Header Files</Filter>
    </ClInclude>
    <ClInclude Include="src\limitedmap.h">
      <Filter>Header Files</Filter>
    </ClInclude>
    <ClInclude Include="src\leveldb\db\builder.h">
      <Filter>Header Files</Filter>
    </ClInclude>
    <ClInclude Include="src\leveldb\db\db_impl.h">
      <Filter>Header Files</Filter>
    </ClInclude>
    <ClInclude Include="src\leveldb\db\db_iter.h">
      <Filter>Header Files</Filter>
    </ClInclude>
    <ClInclude Include="src\leveldb\db\dbformat.h">
      <Filter>Header Files</Filter>
    </ClInclude>
    <ClInclude Include="src\leveldb\db\filename.h">
      <Filter>Header Files</Filter>
    </ClInclude>
    <ClInclude Include="src\leveldb\db\log_format.h">
      <Filter>Header Files</Filter>
    </ClInclude>
    <ClInclude Include="src\leveldb\db\log_reader.h">
      <Filter>Header Files</Filter>
    </ClInclude>
    <ClInclude Include="src\leveldb\db\log_writer.h">
      <Filter>Header Files</Filter>
    </ClInclude>
    <ClInclude Include="src\leveldb\db\memtable.h">
      <Filter>Header Files</Filter>
    </ClInclude>
    <ClInclude Include="src\leveldb\db\skiplist.h">
      <Filter>Header Files</Filter>
    </ClInclude>
    <ClInclude Include="src\leveldb\db\snapshot.h">
      <Filter>Header Files</Filter>
    </ClInclude>
    <ClInclude Include="src\leveldb\db\table_cache.h">
      <Filter>Header Files</Filter>
    </ClInclude>
    <ClInclude Include="src\leveldb\db\version_edit.h">
      <Filter>Header Files</Filter>
    </ClInclude>
    <ClInclude Include="src\leveldb\db\version_set.h">
      <Filter>Header Files</Filter>
    </ClInclude>
    <ClInclude Include="src\leveldb\db\write_batch_internal.h">
      <Filter>Header Files</Filter>
    </ClInclude>
  </ItemGroup>
</Project>