Microsoft Visual Studio Solution File, Format Version 12.00
# Visual Studio Version 16
VisualStudioVersion = 16.0.28803.452
MinimumVisualStudioVersion = 10.0.40219.1
Project("{8BC9CEB8-8B4A-11D0-8D11-00A0C91BC942}") = "libsyscoinconsensus", "libsyscoinconsensus\libsyscoinconsensus.vcxproj", "{2B384FA8-9EE1-4544-93CB-0D733C25E8CE}"
EndProject
Project("{8BC9CEB8-8B4A-11D0-8D11-00A0C91BC942}") = "testconsensus", "testconsensus\testconsensus.vcxproj", "{E78473E9-B850-456C-9120-276301E04C06}"
EndProject
Project("{8BC9CEB8-8B4A-11D0-8D11-00A0C91BC942}") = "syscoind", "syscoind\syscoind.vcxproj", "{D4513DDF-6013-44DC-ADCC-12EAF6D1F038}"
EndProject
Project("{8BC9CEB8-8B4A-11D0-8D11-00A0C91BC942}") = "libsyscoin_util", "libsyscoin_util\libsyscoin_util.vcxproj", "{B53A5535-EE9D-4C6F-9A26-F79EE3BC3754}"
EndProject
Project("{8BC9CEB8-8B4A-11D0-8D11-00A0C91BC942}") = "libsyscoin_common", "libsyscoin_common\libsyscoin_common.vcxproj", "{7C87E378-DF58-482E-AA2F-1BC129BC19CE}"
EndProject
Project("{8BC9CEB8-8B4A-11D0-8D11-00A0C91BC942}") = "libsyscoin_crypto", "libsyscoin_crypto\libsyscoin_crypto.vcxproj", "{6190199C-6CF4-4DAD-BFBD-93FA72A760C1}"
EndProject
Project("{8BC9CEB8-8B4A-11D0-8D11-00A0C91BC942}") = "libsyscoin_server", "libsyscoin_server\libsyscoin_server.vcxproj", "{460FEE33-1FE1-483F-B3BF-931FF8E969A5}"
EndProject
Project("{8BC9CEB8-8B4A-11D0-8D11-00A0C91BC942}") = "libunivalue", "libunivalue\libunivalue.vcxproj", "{5724BA7D-A09A-4BA8-800B-C4C1561B3D69}"
EndProject
Project("{8BC9CEB8-8B4A-11D0-8D11-00A0C91BC942}") = "libsyscoin_wallet", "libsyscoin_wallet\libsyscoin_wallet.vcxproj", "{93B86837-B543-48A5-A89B-7C87ABB77DF2}"
EndProject
Project("{8BC9CEB8-8B4A-11D0-8D11-00A0C91BC942}") = "libsyscoin_zmq", "libsyscoin_zmq\libsyscoin_zmq.vcxproj", "{792D487F-F14C-49FC-A9DE-3FC150F31C3F}"
EndProject
Project("{8BC9CEB8-8B4A-11D0-8D11-00A0C91BC942}") = "test_syscoin", "test_syscoin\test_syscoin.vcxproj", "{A56B73DB-D46D-4882-8374-1FE3FFA08F07}"
EndProject
Project("{8BC9CEB8-8B4A-11D0-8D11-00A0C91BC942}") = "libsyscoin_cli", "libsyscoin_cli\libsyscoin_cli.vcxproj", "{0667528C-D734-4009-ADF9-C0D6C4A5A5A6}"
EndProject
Project("{8BC9CEB8-8B4A-11D0-8D11-00A0C91BC942}") = "syscoin-cli", "syscoin-cli\syscoin-cli.vcxproj", "{0B2D7431-F876-4A58-87BF-F748338CD3BF}"
EndProject
Project("{8BC9CEB8-8B4A-11D0-8D11-00A0C91BC942}") = "bench_syscoin", "bench_syscoin\bench_syscoin.vcxproj", "{1125654E-E1B2-4431-8B5C-62EA9A2FEECB}"
EndProject
Project("{8BC9CEB8-8B4A-11D0-8D11-00A0C91BC942}") = "syscoin-tx", "syscoin-tx\syscoin-tx.vcxproj", "{D3022AF6-AD33-4CE3-B358-87CB6A1B29CF}"
EndProject
Project("{8BC9CEB8-8B4A-11D0-8D11-00A0C91BC942}") = "syscoin-util", "syscoin-util\syscoin-util.vcxproj", "{D3022AF6-AD33-4CE3-B358-87CB6A1B29CF}"
EndProject
Project("{8BC9CEB8-8B4A-11D0-8D11-00A0C91BC942}") = "syscoin-wallet", "syscoin-wallet\syscoin-wallet.vcxproj", "{84DE8790-EDE3-4483-81AC-C32F15E861F4}"
EndProject
Project("{8BC9CEB8-8B4A-11D0-8D11-00A0C91BC942}") = "libsyscoin_wallet_tool", "libsyscoin_wallet_tool\libsyscoin_wallet_tool.vcxproj", "{F91AC55E-6F5E-4C58-9AC5-B40DB7DEEF93}"
EndProject
Project("{8BC9CEB8-8B4A-11D0-8D11-00A0C91BC942}") = "libsecp256k1", "libsecp256k1\libsecp256k1.vcxproj", "{BB493552-3B8C-4A8C-BF69-A6E7A51D2EA6}"
EndProject
Project("{8BC9CEB8-8B4A-11D0-8D11-00A0C91BC942}") = "libleveldb", "libleveldb\libleveldb.vcxproj", "{18430FEF-6B61-4C53-B396-718E02850F1B}"
EndProject
Project("{8BC9CEB8-8B4A-11D0-8D11-00A0C91BC942}") = "libsyscoin_qt", "libsyscoin_qt\libsyscoin_qt.vcxproj", "{2B4ABFF8-D1FD-4845-88C9-1F3C0A6512BF}"
EndProject
Project("{8BC9CEB8-8B4A-11D0-8D11-00A0C91BC942}") = "syscoin-qt", "syscoin-qt\syscoin-qt.vcxproj", "{7E99172D-7FF2-4CB6-B736-AC9B76ED412A}"
EndProject
Project("{8BC9CEB8-8B4A-11D0-8D11-00A0C91BC942}") = "libtest_util", "libtest_util\libtest_util.vcxproj", "{868474FD-35F6-4400-8EED-30A33E7521D4}"
EndProject
Project("{8BC9CEB8-8B4A-11D0-8D11-00A0C91BC942}") = "test_syscoin-qt", "test_syscoin-qt\test_syscoin-qt.vcxproj", "{51201D5E-D939-4854-AE9D-008F03FF518E}"
EndProject
Global
    GlobalSection(SolutionConfigurationPlatforms) = preSolution
        Debug|x64 = Debug|x64
        Debug|x86 = Debug|x86
        Release|x64 = Release|x64
        Release|x86 = Release|x86
    EndGlobalSection
    GlobalSection(ProjectConfigurationPlatforms) = postSolution
        {2B384FA8-9EE1-4544-93CB-0D733C25E8CE}.Debug|x64.ActiveCfg = Debug|x64
        {2B384FA8-9EE1-4544-93CB-0D733C25E8CE}.Debug|x64.Build.0 = Debug|x64
        {2B384FA8-9EE1-4544-93CB-0D733C25E8CE}.Debug|x86.ActiveCfg = Debug|Win32
        {2B384FA8-9EE1-4544-93CB-0D733C25E8CE}.Debug|x86.Build.0 = Debug|Win32
        {2B384FA8-9EE1-4544-93CB-0D733C25E8CE}.Release|x64.ActiveCfg = Release|x64
        {2B384FA8-9EE1-4544-93CB-0D733C25E8CE}.Release|x64.Build.0 = Release|x64
        {2B384FA8-9EE1-4544-93CB-0D733C25E8CE}.Release|x86.ActiveCfg = Release|Win32
        {2B384FA8-9EE1-4544-93CB-0D733C25E8CE}.Release|x86.Build.0 = Release|Win32
        {E78473E9-B850-456C-9120-276301E04C06}.Debug|x64.ActiveCfg = Debug|x64
        {E78473E9-B850-456C-9120-276301E04C06}.Debug|x64.Build.0 = Debug|x64
        {E78473E9-B850-456C-9120-276301E04C06}.Debug|x86.ActiveCfg = Debug|Win32
        {E78473E9-B850-456C-9120-276301E04C06}.Debug|x86.Build.0 = Debug|Win32
        {E78473E9-B850-456C-9120-276301E04C06}.Release|x64.ActiveCfg = Release|x64
        {E78473E9-B850-456C-9120-276301E04C06}.Release|x64.Build.0 = Release|x64
        {E78473E9-B850-456C-9120-276301E04C06}.Release|x86.ActiveCfg = Release|Win32
        {E78473E9-B850-456C-9120-276301E04C06}.Release|x86.Build.0 = Release|Win32
        {D4513DDF-6013-44DC-ADCC-12EAF6D1F038}.Debug|x64.ActiveCfg = Debug|x64
        {D4513DDF-6013-44DC-ADCC-12EAF6D1F038}.Debug|x64.Build.0 = Debug|x64
        {D4513DDF-6013-44DC-ADCC-12EAF6D1F038}.Debug|x86.ActiveCfg = Debug|Win32
        {D4513DDF-6013-44DC-ADCC-12EAF6D1F038}.Debug|x86.Build.0 = Debug|Win32
        {D4513DDF-6013-44DC-ADCC-12EAF6D1F038}.Release|x64.ActiveCfg = Release|x64
        {D4513DDF-6013-44DC-ADCC-12EAF6D1F038}.Release|x64.Build.0 = Release|x64
        {D4513DDF-6013-44DC-ADCC-12EAF6D1F038}.Release|x86.ActiveCfg = Release|Win32
        {D4513DDF-6013-44DC-ADCC-12EAF6D1F038}.Release|x86.Build.0 = Release|Win32
        {B53A5535-EE9D-4C6F-9A26-F79EE3BC3754}.Debug|x64.ActiveCfg = Debug|x64
        {B53A5535-EE9D-4C6F-9A26-F79EE3BC3754}.Debug|x64.Build.0 = Debug|x64
        {B53A5535-EE9D-4C6F-9A26-F79EE3BC3754}.Debug|x86.ActiveCfg = Debug|Win32
        {B53A5535-EE9D-4C6F-9A26-F79EE3BC3754}.Debug|x86.Build.0 = Debug|Win32
        {B53A5535-EE9D-4C6F-9A26-F79EE3BC3754}.Release|x64.ActiveCfg = Release|x64
        {B53A5535-EE9D-4C6F-9A26-F79EE3BC3754}.Release|x64.Build.0 = Release|x64
        {B53A5535-EE9D-4C6F-9A26-F79EE3BC3754}.Release|x86.ActiveCfg = Release|Win32
        {B53A5535-EE9D-4C6F-9A26-F79EE3BC3754}.Release|x86.Build.0 = Release|Win32
        {7C87E378-DF58-482E-AA2F-1BC129BC19CE}.Debug|x64.ActiveCfg = Debug|x64
        {7C87E378-DF58-482E-AA2F-1BC129BC19CE}.Debug|x64.Build.0 = Debug|x64
        {7C87E378-DF58-482E-AA2F-1BC129BC19CE}.Debug|x86.ActiveCfg = Debug|Win32
        {7C87E378-DF58-482E-AA2F-1BC129BC19CE}.Debug|x86.Build.0 = Debug|Win32
        {7C87E378-DF58-482E-AA2F-1BC129BC19CE}.Release|x64.ActiveCfg = Release|x64
        {7C87E378-DF58-482E-AA2F-1BC129BC19CE}.Release|x64.Build.0 = Release|x64
        {7C87E378-DF58-482E-AA2F-1BC129BC19CE}.Release|x86.ActiveCfg = Release|Win32
        {7C87E378-DF58-482E-AA2F-1BC129BC19CE}.Release|x86.Build.0 = Release|Win32
        {6190199C-6CF4-4DAD-BFBD-93FA72A760C1}.Debug|x64.ActiveCfg = Debug|x64
        {6190199C-6CF4-4DAD-BFBD-93FA72A760C1}.Debug|x64.Build.0 = Debug|x64
        {6190199C-6CF4-4DAD-BFBD-93FA72A760C1}.Debug|x86.ActiveCfg = Debug|Win32
        {6190199C-6CF4-4DAD-BFBD-93FA72A760C1}.Debug|x86.Build.0 = Debug|Win32
        {6190199C-6CF4-4DAD-BFBD-93FA72A760C1}.Release|x64.ActiveCfg = Release|x64
        {6190199C-6CF4-4DAD-BFBD-93FA72A760C1}.Release|x64.Build.0 = Release|x64
        {6190199C-6CF4-4DAD-BFBD-93FA72A760C1}.Release|x86.ActiveCfg = Release|Win32
        {6190199C-6CF4-4DAD-BFBD-93FA72A760C1}.Release|x86.Build.0 = Release|Win32
        {460FEE33-1FE1-483F-B3BF-931FF8E969A5}.Debug|x64.ActiveCfg = Debug|x64
        {460FEE33-1FE1-483F-B3BF-931FF8E969A5}.Debug|x64.Build.0 = Debug|x64
        {460FEE33-1FE1-483F-B3BF-931FF8E969A5}.Debug|x86.ActiveCfg = Debug|Win32
        {460FEE33-1FE1-483F-B3BF-931FF8E969A5}.Debug|x86.Build.0 = Debug|Win32
        {460FEE33-1FE1-483F-B3BF-931FF8E969A5}.Release|x64.ActiveCfg = Release|x64
        {460FEE33-1FE1-483F-B3BF-931FF8E969A5}.Release|x64.Build.0 = Release|x64
        {460FEE33-1FE1-483F-B3BF-931FF8E969A5}.Release|x86.ActiveCfg = Release|Win32
        {460FEE33-1FE1-483F-B3BF-931FF8E969A5}.Release|x86.Build.0 = Release|Win32
        {5724BA7D-A09A-4BA8-800B-C4C1561B3D69}.Debug|x64.ActiveCfg = Debug|x64
        {5724BA7D-A09A-4BA8-800B-C4C1561B3D69}.Debug|x64.Build.0 = Debug|x64
        {5724BA7D-A09A-4BA8-800B-C4C1561B3D69}.Debug|x86.ActiveCfg = Debug|Win32
        {5724BA7D-A09A-4BA8-800B-C4C1561B3D69}.Debug|x86.Build.0 = Debug|Win32
        {5724BA7D-A09A-4BA8-800B-C4C1561B3D69}.Release|x64.ActiveCfg = Release|x64
        {5724BA7D-A09A-4BA8-800B-C4C1561B3D69}.Release|x64.Build.0 = Release|x64
        {5724BA7D-A09A-4BA8-800B-C4C1561B3D69}.Release|x86.ActiveCfg = Release|Win32
        {5724BA7D-A09A-4BA8-800B-C4C1561B3D69}.Release|x86.Build.0 = Release|Win32
        {93B86837-B543-48A5-A89B-7C87ABB77DF2}.Debug|x64.ActiveCfg = Debug|x64
        {93B86837-B543-48A5-A89B-7C87ABB77DF2}.Debug|x64.Build.0 = Debug|x64
        {93B86837-B543-48A5-A89B-7C87ABB77DF2}.Debug|x86.ActiveCfg = Debug|Win32
        {93B86837-B543-48A5-A89B-7C87ABB77DF2}.Debug|x86.Build.0 = Debug|Win32
        {93B86837-B543-48A5-A89B-7C87ABB77DF2}.Release|x64.ActiveCfg = Release|x64
        {93B86837-B543-48A5-A89B-7C87ABB77DF2}.Release|x64.Build.0 = Release|x64
        {93B86837-B543-48A5-A89B-7C87ABB77DF2}.Release|x86.ActiveCfg = Release|Win32
        {93B86837-B543-48A5-A89B-7C87ABB77DF2}.Release|x86.Build.0 = Release|Win32
        {792D487F-F14C-49FC-A9DE-3FC150F31C3F}.Debug|x64.ActiveCfg = Debug|x64
        {792D487F-F14C-49FC-A9DE-3FC150F31C3F}.Debug|x64.Build.0 = Debug|x64
        {792D487F-F14C-49FC-A9DE-3FC150F31C3F}.Debug|x86.ActiveCfg = Debug|Win32
        {792D487F-F14C-49FC-A9DE-3FC150F31C3F}.Debug|x86.Build.0 = Debug|Win32
        {792D487F-F14C-49FC-A9DE-3FC150F31C3F}.Release|x64.ActiveCfg = Release|x64
        {792D487F-F14C-49FC-A9DE-3FC150F31C3F}.Release|x64.Build.0 = Release|x64
        {792D487F-F14C-49FC-A9DE-3FC150F31C3F}.Release|x86.ActiveCfg = Release|Win32
        {792D487F-F14C-49FC-A9DE-3FC150F31C3F}.Release|x86.Build.0 = Release|Win32
        {A56B73DB-D46D-4882-8374-1FE3FFA08F07}.Debug|x64.ActiveCfg = Debug|x64
        {A56B73DB-D46D-4882-8374-1FE3FFA08F07}.Debug|x64.Build.0 = Debug|x64
        {A56B73DB-D46D-4882-8374-1FE3FFA08F07}.Debug|x86.ActiveCfg = Debug|Win32
        {A56B73DB-D46D-4882-8374-1FE3FFA08F07}.Debug|x86.Build.0 = Debug|Win32
        {A56B73DB-D46D-4882-8374-1FE3FFA08F07}.Release|x64.ActiveCfg = Release|x64
        {A56B73DB-D46D-4882-8374-1FE3FFA08F07}.Release|x64.Build.0 = Release|x64
        {A56B73DB-D46D-4882-8374-1FE3FFA08F07}.Release|x86.ActiveCfg = Release|Win32
        {A56B73DB-D46D-4882-8374-1FE3FFA08F07}.Release|x86.Build.0 = Release|Win32
        {0667528C-D734-4009-ADF9-C0D6C4A5A5A6}.Debug|x64.ActiveCfg = Debug|x64
        {0667528C-D734-4009-ADF9-C0D6C4A5A5A6}.Debug|x64.Build.0 = Debug|x64
        {0667528C-D734-4009-ADF9-C0D6C4A5A5A6}.Debug|x86.ActiveCfg = Debug|Win32
        {0667528C-D734-4009-ADF9-C0D6C4A5A5A6}.Debug|x86.Build.0 = Debug|Win32
        {0667528C-D734-4009-ADF9-C0D6C4A5A5A6}.Release|x64.ActiveCfg = Release|x64
        {0667528C-D734-4009-ADF9-C0D6C4A5A5A6}.Release|x64.Build.0 = Release|x64
        {0667528C-D734-4009-ADF9-C0D6C4A5A5A6}.Release|x86.ActiveCfg = Release|Win32
        {0667528C-D734-4009-ADF9-C0D6C4A5A5A6}.Release|x86.Build.0 = Release|Win32
        {0B2D7431-F876-4A58-87BF-F748338CD3BF}.Debug|x64.ActiveCfg = Debug|x64
        {0B2D7431-F876-4A58-87BF-F748338CD3BF}.Debug|x64.Build.0 = Debug|x64
        {0B2D7431-F876-4A58-87BF-F748338CD3BF}.Debug|x86.ActiveCfg = Debug|Win32
        {0B2D7431-F876-4A58-87BF-F748338CD3BF}.Debug|x86.Build.0 = Debug|Win32
        {0B2D7431-F876-4A58-87BF-F748338CD3BF}.Release|x64.ActiveCfg = Release|x64
        {0B2D7431-F876-4A58-87BF-F748338CD3BF}.Release|x64.Build.0 = Release|x64
        {0B2D7431-F876-4A58-87BF-F748338CD3BF}.Release|x86.ActiveCfg = Release|Win32
        {0B2D7431-F876-4A58-87BF-F748338CD3BF}.Release|x86.Build.0 = Release|Win32
        {1125654E-E1B2-4431-8B5C-62EA9A2FEECB}.Debug|x64.ActiveCfg = Debug|x64
        {1125654E-E1B2-4431-8B5C-62EA9A2FEECB}.Debug|x64.Build.0 = Debug|x64
        {1125654E-E1B2-4431-8B5C-62EA9A2FEECB}.Debug|x86.ActiveCfg = Debug|Win32
        {1125654E-E1B2-4431-8B5C-62EA9A2FEECB}.Debug|x86.Build.0 = Debug|Win32
        {1125654E-E1B2-4431-8B5C-62EA9A2FEECB}.Release|x64.ActiveCfg = Release|x64
        {1125654E-E1B2-4431-8B5C-62EA9A2FEECB}.Release|x64.Build.0 = Release|x64
        {1125654E-E1B2-4431-8B5C-62EA9A2FEECB}.Release|x86.ActiveCfg = Release|Win32
        {1125654E-E1B2-4431-8B5C-62EA9A2FEECB}.Release|x86.Build.0 = Release|Win32
        {D3022AF6-AD33-4CE3-B358-87CB6A1B29CF}.Debug|x64.ActiveCfg = Debug|x64
        {D3022AF6-AD33-4CE3-B358-87CB6A1B29CF}.Debug|x64.Build.0 = Debug|x64
        {D3022AF6-AD33-4CE3-B358-87CB6A1B29CF}.Debug|x86.ActiveCfg = Debug|Win32
        {D3022AF6-AD33-4CE3-B358-87CB6A1B29CF}.Debug|x86.Build.0 = Debug|Win32
        {D3022AF6-AD33-4CE3-B358-87CB6A1B29CF}.Release|x64.ActiveCfg = Release|x64
        {D3022AF6-AD33-4CE3-B358-87CB6A1B29CF}.Release|x64.Build.0 = Release|x64
        {D3022AF6-AD33-4CE3-B358-87CB6A1B29CF}.Release|x86.ActiveCfg = Release|Win32
        {D3022AF6-AD33-4CE3-B358-87CB6A1B29CF}.Release|x86.Build.0 = Release|Win32
        {84DE8790-EDE3-4483-81AC-C32F15E861F4}.Debug|x64.ActiveCfg = Debug|x64
        {84DE8790-EDE3-4483-81AC-C32F15E861F4}.Debug|x64.Build.0 = Debug|x64
        {84DE8790-EDE3-4483-81AC-C32F15E861F4}.Debug|x86.ActiveCfg = Debug|Win32
        {84DE8790-EDE3-4483-81AC-C32F15E861F4}.Debug|x86.Build.0 = Debug|Win32
        {84DE8790-EDE3-4483-81AC-C32F15E861F4}.Release|x64.ActiveCfg = Release|x64
        {84DE8790-EDE3-4483-81AC-C32F15E861F4}.Release|x64.Build.0 = Release|x64
        {84DE8790-EDE3-4483-81AC-C32F15E861F4}.Release|x86.ActiveCfg = Release|Win32
        {84DE8790-EDE3-4483-81AC-C32F15E861F4}.Release|x86.Build.0 = Release|Win32
        {F91AC55E-6F5E-4C58-9AC5-B40DB7DEEF93}.Debug|x64.ActiveCfg = Debug|x64
        {F91AC55E-6F5E-4C58-9AC5-B40DB7DEEF93}.Debug|x64.Build.0 = Debug|x64
        {F91AC55E-6F5E-4C58-9AC5-B40DB7DEEF93}.Debug|x86.ActiveCfg = Debug|Win32
        {F91AC55E-6F5E-4C58-9AC5-B40DB7DEEF93}.Debug|x86.Build.0 = Debug|Win32
        {F91AC55E-6F5E-4C58-9AC5-B40DB7DEEF93}.Release|x64.ActiveCfg = Release|x64
        {F91AC55E-6F5E-4C58-9AC5-B40DB7DEEF93}.Release|x64.Build.0 = Release|x64
        {F91AC55E-6F5E-4C58-9AC5-B40DB7DEEF93}.Release|x86.ActiveCfg = Release|Win32
        {F91AC55E-6F5E-4C58-9AC5-B40DB7DEEF93}.Release|x86.Build.0 = Release|Win32
        {BB493552-3B8C-4A8C-BF69-A6E7A51D2EA6}.Debug|x64.ActiveCfg = Debug|x64
        {BB493552-3B8C-4A8C-BF69-A6E7A51D2EA6}.Debug|x64.Build.0 = Debug|x64
        {BB493552-3B8C-4A8C-BF69-A6E7A51D2EA6}.Debug|x86.ActiveCfg = Debug|Win32
        {BB493552-3B8C-4A8C-BF69-A6E7A51D2EA6}.Debug|x86.Build.0 = Debug|Win32
        {BB493552-3B8C-4A8C-BF69-A6E7A51D2EA6}.Release|x64.ActiveCfg = Release|x64
        {BB493552-3B8C-4A8C-BF69-A6E7A51D2EA6}.Release|x64.Build.0 = Release|x64
        {BB493552-3B8C-4A8C-BF69-A6E7A51D2EA6}.Release|x86.ActiveCfg = Release|Win32
        {BB493552-3B8C-4A8C-BF69-A6E7A51D2EA6}.Release|x86.Build.0 = Release|Win32
        {18430FEF-6B61-4C53-B396-718E02850F1B}.Debug|x64.ActiveCfg = Debug|x64
        {18430FEF-6B61-4C53-B396-718E02850F1B}.Debug|x64.Build.0 = Debug|x64
        {18430FEF-6B61-4C53-B396-718E02850F1B}.Debug|x86.ActiveCfg = Debug|Win32
        {18430FEF-6B61-4C53-B396-718E02850F1B}.Debug|x86.Build.0 = Debug|Win32
        {18430FEF-6B61-4C53-B396-718E02850F1B}.Release|x64.ActiveCfg = Release|x64
        {18430FEF-6B61-4C53-B396-718E02850F1B}.Release|x64.Build.0 = Release|x64
        {18430FEF-6B61-4C53-B396-718E02850F1B}.Release|x86.ActiveCfg = Release|Win32
        {18430FEF-6B61-4C53-B396-718E02850F1B}.Release|x86.Build.0 = Release|Win32
        {2B4ABFF8-D1FD-4845-88C9-1F3C0A6512BF}.Debug|x64.ActiveCfg = Debug|x64
        {2B4ABFF8-D1FD-4845-88C9-1F3C0A6512BF}.Debug|x64.Build.0 = Debug|x64
        {2B4ABFF8-D1FD-4845-88C9-1F3C0A6512BF}.Debug|x86.ActiveCfg = Debug|Win32
        {2B4ABFF8-D1FD-4845-88C9-1F3C0A6512BF}.Debug|x86.Build.0 = Debug|Win32
        {2B4ABFF8-D1FD-4845-88C9-1F3C0A6512BF}.Release|x64.ActiveCfg = Release|x64
        {2B4ABFF8-D1FD-4845-88C9-1F3C0A6512BF}.Release|x64.Build.0 = Release|x64
        {2B4ABFF8-D1FD-4845-88C9-1F3C0A6512BF}.Release|x86.ActiveCfg = Release|Win32
        {2B4ABFF8-D1FD-4845-88C9-1F3C0A6512BF}.Release|x86.Build.0 = Release|Win32
        {7E99172D-7FF2-4CB6-B736-AC9B76ED412A}.Debug|x64.ActiveCfg = Debug|x64
        {7E99172D-7FF2-4CB6-B736-AC9B76ED412A}.Debug|x64.Build.0 = Debug|x64
        {7E99172D-7FF2-4CB6-B736-AC9B76ED412A}.Debug|x86.ActiveCfg = Debug|Win32
        {7E99172D-7FF2-4CB6-B736-AC9B76ED412A}.Debug|x86.Build.0 = Debug|Win32
        {7E99172D-7FF2-4CB6-B736-AC9B76ED412A}.Release|x64.ActiveCfg = Release|x64
        {7E99172D-7FF2-4CB6-B736-AC9B76ED412A}.Release|x64.Build.0 = Release|x64
        {7E99172D-7FF2-4CB6-B736-AC9B76ED412A}.Release|x86.ActiveCfg = Release|Win32
        {7E99172D-7FF2-4CB6-B736-AC9B76ED412A}.Release|x86.Build.0 = Release|Win32
        {868474FD-35F6-4400-8EED-30A33E7521D4}.Debug|x64.ActiveCfg = Debug|x64
        {868474FD-35F6-4400-8EED-30A33E7521D4}.Debug|x64.Build.0 = Debug|x64
        {868474FD-35F6-4400-8EED-30A33E7521D4}.Debug|x86.ActiveCfg = Debug|Win32
        {868474FD-35F6-4400-8EED-30A33E7521D4}.Debug|x86.Build.0 = Debug|Win32
        {868474FD-35F6-4400-8EED-30A33E7521D4}.Release|x64.ActiveCfg = Release|x64
        {868474FD-35F6-4400-8EED-30A33E7521D4}.Release|x64.Build.0 = Release|x64
        {868474FD-35F6-4400-8EED-30A33E7521D4}.Release|x86.ActiveCfg = Release|Win32
        {868474FD-35F6-4400-8EED-30A33E7521D4}.Release|x86.Build.0 = Release|Win32
        {51201D5E-D939-4854-AE9D-008F03FF518E}.Debug|x64.ActiveCfg = Debug|x64
        {51201D5E-D939-4854-AE9D-008F03FF518E}.Debug|x64.Build.0 = Debug|x64
        {51201D5E-D939-4854-AE9D-008F03FF518E}.Debug|x86.ActiveCfg = Debug|Win32
        {51201D5E-D939-4854-AE9D-008F03FF518E}.Debug|x86.Build.0 = Debug|Win32
        {51201D5E-D939-4854-AE9D-008F03FF518E}.Release|x64.ActiveCfg = Release|x64
        {51201D5E-D939-4854-AE9D-008F03FF518E}.Release|x64.Build.0 = Release|x64
        {51201D5E-D939-4854-AE9D-008F03FF518E}.Release|x86.ActiveCfg = Release|Win32
        {51201D5E-D939-4854-AE9D-008F03FF518E}.Release|x86.Build.0 = Release|Win32
    EndGlobalSection
    GlobalSection(SolutionProperties) = preSolution
        HideSolutionNode = FALSE
    EndGlobalSection
    GlobalSection(ExtensibilityGlobals) = postSolution
                        SolutionGuid = {8AA72EDA-2CD4-4564-B1E4-688B760EEEE9}
                SolutionGuid = {8607C0F4-F33D-41B8-8D51-18E366A0F8DF}
        SolutionGuid = {58AAB032-7274-49BD-845E-5EF4DBB69B70}
    EndGlobalSection
EndGlobal
