
Microsoft Visual Studio Solution File, Format Version 10.00
# Visual C++ Express 2008
Project("{8BC9CEB8-8B4A-11D0-8D11-00A0C91BC942}") = "miniupnpc", "miniupnpc.vcproj", "{D28CE435-CB33-4BAE-8A52-C6EF915956F5}"
EndProject
Project("{8BC9CEB8-8B4A-11D0-8D11-00A0C91BC942}") = "upnpc-static", "upnpc-static.vcproj", "{469E1CF6-08A2-4B7B-A2AA-5BDB089857C1}"
	ProjectSection(ProjectDependencies) = postProject
		{D28CE435-CB33-4BAE-8A52-C6EF915956F5} = {D28CE435-CB33-4BAE-8A52-C6EF915956F5}
	EndProjectSection
EndProject
Global
	GlobalSection(SolutionConfigurationPlatforms) = preSolution
		Debug|Win32 = Debug|Win32
		Release|Win32 = Release|Win32
	EndGlobalSection
	GlobalSection(ProjectConfigurationPlatforms) = postSolution
		{D28CE435-CB33-4BAE-8A52-C6EF915956F5}.Debug|Win32.ActiveCfg = Debug|Win32
		{D28CE435-CB33-4BAE-8A52-C6EF915956F5}.Debug|Win32.Build.0 = Debug|Win32
		{D28CE435-CB33-4BAE-8A52-C6EF915956F5}.Release|Win32.ActiveCfg = Release|Win32
		{D28CE435-CB33-4BAE-8A52-C6EF915956F5}.Release|Win32.Build.0 = Release|Win32
		{469E1CF6-08A2-4B7B-A2AA-5BDB089857C1}.Debug|Win32.ActiveCfg = Debug|Win32
		{469E1CF6-08A2-4B7B-A2AA-5BDB089857C1}.Debug|Win32.Build.0 = Debug|Win32
		{469E1CF6-08A2-4B7B-A2AA-5BDB089857C1}.Release|Win32.ActiveCfg = Release|Win32
		{469E1CF6-08A2-4B7B-A2AA-5BDB089857C1}.Release|Win32.Build.0 = Release|Win32
	EndGlobalSection
	GlobalSection(SolutionProperties) = preSolution
		HideSolutionNode = FALSE
	EndGlobalSection
EndGlobal
