# This file is automatically @generated by Cargo.
# It is not intended for manual editing.
version = 4

[[package]]
name = "arrayvec"
version = "0.7.6"
source = "registry+https://github.com/rust-lang/crates.io-index"
checksum = "7c02d123df017efcdfbd739ef81735b36c5ba83ec3c59c80a9d7ecc718f92e50"

[[package]]
name = "base58ck"
version = "0.1.0"
source = "registry+https://github.com/rust-lang/crates.io-index"
checksum = "2c8d66485a3a2ea485c1913c4572ce0256067a5377ac8c75c4960e1cda98605f"
dependencies = [
 "bitcoin-internals",
 "bitcoin_hashes 0.14.0",
]

[[package]]
name = "bech32"
version = "0.11.0"
source = "registry+https://github.com/rust-lang/crates.io-index"
checksum = "d965446196e3b7decd44aa7ee49e31d630118f90ef12f97900f262eb915c951d"

[[package]]
name = "bitcoin"
version = "0.32.5"
source = "registry+https://github.com/rust-lang/crates.io-index"
checksum = "ce6bc65742dea50536e35ad42492b234c27904a27f0abdcbce605015cb4ea026"
dependencies = [
 "base58ck",
 "bech32",
 "bitcoin-internals",
 "bitcoin-io",
 "bitcoin-units",
 "bitcoin_hashes 0.14.0",
 "hex-conservative",
 "hex_lit",
 "secp256k1",
]

[[package]]
name = "bitcoin-internals"
version = "0.3.0"
source = "registry+https://github.com/rust-lang/crates.io-index"
checksum = "30bdbe14aa07b06e6cfeffc529a1f099e5fbe249524f8125358604df99a4bed2"

[[package]]
name = "bitcoin-io"
version = "0.1.3"
source = "registry+https://github.com/rust-lang/crates.io-index"
checksum = "0b47c4ab7a93edb0c7198c5535ed9b52b63095f4e9b45279c6736cec4b856baf"

[[package]]
name = "bitcoin-units"
version = "0.1.2"
source = "registry+https://github.com/rust-lang/crates.io-index"
checksum = "5285c8bcaa25876d07f37e3d30c303f2609179716e11d688f51e8f1fe70063e2"
dependencies = [
 "bitcoin-internals",
]

[[package]]
name = "bitcoin_hashes"
version = "0.11.0"
source = "registry+https://github.com/rust-lang/crates.io-index"
checksum = "90064b8dee6815a6470d60bad07bbbaee885c0e12d04177138fa3291a01b7bc4"

[[package]]
name = "bitcoin_hashes"
version = "0.14.0"
source = "registry+https://github.com/rust-lang/crates.io-index"
checksum = "bb18c03d0db0247e147a21a6faafd5a7eb851c743db062de72018b6b7e8e4d16"
dependencies = [
 "bitcoin-io",
 "hex-conservative",
]

[[package]]
name = "cc"
version = "1.2.17"
source = "registry+https://github.com/rust-lang/crates.io-index"
checksum = "1fcb57c740ae1daf453ae85f16e37396f672b039e00d9d866e07ddb24e328e3a"
dependencies = [
 "shlex",
]

[[package]]
name = "hex-conservative"
version = "0.2.1"
source = "registry+https://github.com/rust-lang/crates.io-index"
checksum = "5313b072ce3c597065a808dbf612c4c8e8590bdbf8b579508bf7a762c5eae6cd"
dependencies = [
 "arrayvec",
]

[[package]]
name = "hex_lit"
version = "0.1.1"
source = "registry+https://github.com/rust-lang/crates.io-index"
checksum = "3011d1213f159867b13cfd6ac92d2cd5f1345762c63be3554e84092d85a50bbd"

[[package]]
name = "miniscript"
version = "12.3.0"
source = "registry+https://github.com/rust-lang/crates.io-index"
checksum = "5bd3c9608217b0d6fa9c9c8ddd875b85ab72bd4311cfc8db35e1b5a08fc11f4d"
dependencies = [
 "bech32",
 "bitcoin",
]

[[package]]
name = "proc-macro2"
version = "1.0.94"
source = "registry+https://github.com/rust-lang/crates.io-index"
checksum = "a31971752e70b8b2686d7e46ec17fb38dad4051d94024c88df49b667caea9c84"
dependencies = [
 "unicode-ident",
]

[[package]]
name = "quote"
version = "1.0.40"
source = "registry+https://github.com/rust-lang/crates.io-index"
checksum = "1885c039570dc00dcb4ff087a89e185fd56bae234ddc7f056a945bf36467248d"
dependencies = [
 "proc-macro2",
]

[[package]]
name = "rand_core"
version = "0.6.4"
source = "registry+https://github.com/rust-lang/crates.io-index"
checksum = "ec0be4795e2f6a28069bec0b5ff3e2ac9bafc99e6a9a7dc3547996c5c816922c"

[[package]]
name = "rust-bip39"
version = "1.0.0"
source = "registry+https://github.com/rust-lang/crates.io-index"
checksum = "7f868fd508789837c62557c8eb3c2ce6891ed3b4961e96e14f068d35299c270f"
dependencies = [
 "bitcoin_hashes 0.11.0",
 "rand_core",
 "serde",
 "unicode-normalization",
]

[[package]]
name = "secp256k1"
version = "0.29.1"
source = "registry+https://github.com/rust-lang/crates.io-index"
checksum = "9465315bc9d4566e1724f0fffcbcc446268cb522e60f9a27bcded6b19c108113"
dependencies = [
 "bitcoin_hashes 0.14.0",
 "secp256k1-sys",
]

[[package]]
name = "secp256k1-sys"
version = "0.10.1"
source = "registry+https://github.com/rust-lang/crates.io-index"
checksum = "d4387882333d3aa8cb20530a17c69a3752e97837832f34f6dccc760e715001d9"
dependencies = [
 "cc",
]

[[package]]
name = "serde"
version = "1.0.219"
source = "registry+https://github.com/rust-lang/crates.io-index"
checksum = "5f0e2c6ed6606019b4e29e69dbaba95b11854410e5347d525002456dbbb786b6"
dependencies = [
 "serde_derive",
]

[[package]]
name = "serde_derive"
version = "1.0.219"
source = "registry+https://github.com/rust-lang/crates.io-index"
checksum = "5b0276cf7f2c73365f7157c8123c21cd9a50fbbd844757af28ca1f5925fc2a00"
dependencies = [
 "proc-macro2",
 "quote",
 "syn",
]

[[package]]
name = "shlex"
version = "1.3.0"
source = "registry+https://github.com/rust-lang/crates.io-index"
checksum = "0fda2ff0d084019ba4d7c6f371c95d8fd75ce3524c3cb8fb653a3023f6323e64"

[[package]]
name = "syn"
version = "2.0.100"
source = "registry+https://github.com/rust-lang/crates.io-index"
checksum = "b09a44accad81e1ba1cd74a32461ba89dee89095ba17b32f5d03683b1b1fc2a0"
dependencies = [
 "proc-macro2",
 "quote",
 "unicode-ident",
]

[[package]]
name = "tinyvec"
version = "1.9.0"
source = "registry+https://github.com/rust-lang/crates.io-index"
checksum = "09b3661f17e86524eccd4371ab0429194e0d7c008abb45f7a7495b1719463c71"
dependencies = [
 "tinyvec_macros",
]

[[package]]
name = "tinyvec_macros"
version = "0.1.1"
source = "registry+https://github.com/rust-lang/crates.io-index"
checksum = "1f3ccbac311fea05f86f61904b462b55fb3df8837a366dfc601a0161d0532f20"

[[package]]
name = "unicode-ident"
version = "1.0.18"
source = "registry+https://github.com/rust-lang/crates.io-index"
checksum = "5a5f39404a5da50712a4c1eecf25e90dd62b613502b7e925fd4e4d19b5c96512"

[[package]]
name = "unicode-normalization"
version = "0.1.24"
source = "registry+https://github.com/rust-lang/crates.io-index"
checksum = "5033c97c4262335cded6d6fc3e5c18ab755e1a3dc96376350f3d8e9f009ad956"
dependencies = [
 "tinyvec",
]

[[package]]
name = "wallet"
version = "0.1.0"
dependencies = [
 "bitcoin",
 "miniscript",
 "rust-bip39",
]
